
Microsoft Visual Studio Solution File, Format Version 12.00
# Visual Studio Version 16
VisualStudioVersion = 16.0.31105.61
MinimumVisualStudioVersion = 10.0.40219.1
Project("{9A19103F-16F7-4668-BE54-9A1E7A4F7556}") = "MvcForm.Core", "MvcForm.Core\MvcForm.Core.csproj", "{AC9A9F12-871A-43C7-BF8F-2CB21ACAB5D6}"
EndProject
Project("{9A19103F-16F7-4668-BE54-9A1E7A4F7556}") = "Ssepan.Utility.Core", "..\Ssepan.Utility.Core\Ssepan.Utility.Core\Ssepan.Utility.Core.csproj", "{72164579-26C5-4A45-B255-8EB008606AA6}"
EndProject
Project("{9A19103F-16F7-4668-BE54-9A1E7A4F7556}") = "Ssepan.Io.Core", "..\Ssepan.Io.Core\Ssepan.Io.Core\Ssepan.Io.Core.csproj", "{D929839C-B4A5-4A18-ADD2-E9C503E0DB8B}"
EndProject
Project("{9A19103F-16F7-4668-BE54-9A1E7A4F7556}") = "Ssepan.Application.Core", "..\Ssepan.Application.Core\Ssepan.Application.Core\Ssepan.Application.Core.csproj", "{6F635C6C-3697-4450-8499-687970172405}"
EndProject
Project("{9A19103F-16F7-4668-BE54-9A1E7A4F7556}") = "MvcLibrary.Core", "MvcLibrary.Core\MvcLibrary.Core.csproj", "{34B38D82-5FEC-4855-B34C-64CDE4EABB68}"
EndProject
Project("{FAE04EC0-301F-11D3-BF4B-00C04F79EFBC}") = "MvcFormWpf.Core", "MvcFormWpf.Core\MvcFormWpf.Core.csproj", "{B9426C55-3B40-4E13-B4FA-0D1D88B3229A}"
EndProject
Global
	GlobalSection(SolutionConfigurationPlatforms) = preSolution
		Debug|Any CPU = Debug|Any CPU
		Release|Any CPU = Release|Any CPU
	EndGlobalSection
	GlobalSection(ProjectConfigurationPlatforms) = postSolution
		{AC9A9F12-871A-43C7-BF8F-2CB21ACAB5D6}.Debug|Any CPU.ActiveCfg = Debug|Any CPU
		{AC9A9F12-871A-43C7-BF8F-2CB21ACAB5D6}.Debug|Any CPU.Build.0 = Debug|Any CPU
		{AC9A9F12-871A-43C7-BF8F-2CB21ACAB5D6}.Release|Any CPU.ActiveCfg = Release|Any CPU
		{AC9A9F12-871A-43C7-BF8F-2CB21ACAB5D6}.Release|Any CPU.Build.0 = Release|Any CPU
		{72164579-26C5-4A45-B255-8EB008606AA6}.Debug|Any CPU.ActiveCfg = Debug|Any CPU
		{72164579-26C5-4A45-B255-8EB008606AA6}.Debug|Any CPU.Build.0 = Debug|Any CPU
		{72164579-26C5-4A45-B255-8EB008606AA6}.Release|Any CPU.ActiveCfg = Release|Any CPU
		{72164579-26C5-4A45-B255-8EB008606AA6}.Release|Any CPU.Build.0 = Release|Any CPU
		{D929839C-B4A5-4A18-ADD2-E9C503E0DB8B}.Debug|Any CPU.ActiveCfg = Debug|Any CPU
		{D929839C-B4A5-4A18-ADD2-E9C503E0DB8B}.Debug|Any CPU.Build.0 = Debug|Any CPU
		{D929839C-B4A5-4A18-ADD2-E9C503E0DB8B}.Release|Any CPU.ActiveCfg = Release|Any CPU
		{D929839C-B4A5-4A18-ADD2-E9C503E0DB8B}.Release|Any CPU.Build.0 = Release|Any CPU
		{6F635C6C-3697-4450-8499-687970172405}.Debug|Any CPU.ActiveCfg = Debug|Any CPU
		{6F635C6C-3697-4450-8499-687970172405}.Debug|Any CPU.Build.0 = Debug|Any CPU
		{6F635C6C-3697-4450-8499-687970172405}.Release|Any CPU.ActiveCfg = Release|Any CPU
		{6F635C6C-3697-4450-8499-687970172405}.Release|Any CPU.Build.0 = Release|Any CPU
		{34B38D82-5FEC-4855-B34C-64CDE4EABB68}.Debug|Any CPU.ActiveCfg = Debug|Any CPU
		{34B38D82-5FEC-4855-B34C-64CDE4EABB68}.Debug|Any CPU.Build.0 = Debug|Any CPU
		{34B38D82-5FEC-4855-B34C-64CDE4EABB68}.Release|Any CPU.ActiveCfg = Release|Any CPU
		{34B38D82-5FEC-4855-B34C-64CDE4EABB68}.Release|Any CPU.Build.0 = Release|Any CPU
		{B9426C55-3B40-4E13-B4FA-0D1D88B3229A}.Debug|Any CPU.ActiveCfg = Debug|Any CPU
		{B9426C55-3B40-4E13-B4FA-0D1D88B3229A}.Debug|Any CPU.Build.0 = Debug|Any CPU
		{B9426C55-3B40-4E13-B4FA-0D1D88B3229A}.Release|Any CPU.ActiveCfg = Release|Any CPU
		{B9426C55-3B40-4E13-B4FA-0D1D88B3229A}.Release|Any CPU.Build.0 = Release|Any CPU
	EndGlobalSection
	GlobalSection(SolutionProperties) = preSolution
		HideSolutionNode = FALSE
	EndGlobalSection
	GlobalSection(ExtensibilityGlobals) = postSolution
		SolutionGuid = {1344C478-42EC-469A-BC4F-B2BD252C85AF}
	EndGlobalSection
EndGlobal
